
Microsoft Visual Studio Solution File, Format Version 12.00
# Visual Studio Version 16
VisualStudioVersion = 16.0.30309.148
MinimumVisualStudioVersion = 10.0.40219.1
Project("{FAE04EC0-301F-11D3-BF4B-00C04F79EFBC}") = "BatteryNotificator", "BatteryNotificator.csproj", "{4E19143F-42E5-48E6-BA1A-5EED97A02609}"
EndProject
Global
	GlobalSection(SolutionConfigurationPlatforms) = preSolution
		Debug|Any CPU = Debug|Any CPU
		Release|Any CPU = Release|Any CPU
	EndGlobalSection
	GlobalSection(ProjectConfigurationPlatforms) = postSolution
		{4E19143F-42E5-48E6-BA1A-5EED97A02609}.Debug|Any CPU.ActiveCfg = Debug|Any CPU
		{4E19143F-42E5-48E6-BA1A-5EED97A02609}.Debug|Any CPU.Build.0 = Debug|Any CPU
		{4E19143F-42E5-48E6-BA1A-5EED97A02609}.Release|Any CPU.ActiveCfg = Release|Any CPU
		{4E19143F-42E5-48E6-BA1A-5EED97A02609}.Release|Any CPU.Build.0 = Release|Any CPU
	EndGlobalSection
	GlobalSection(SolutionProperties) = preSolution
		HideSolutionNode = FALSE
	EndGlobalSection
	GlobalSection(ExtensibilityGlobals) = postSolution
		SolutionGuid = {8E66A975-C5AB-4F8A-B089-0257FD9CFC49}
	EndGlobalSection
EndGlobal
